// !$*UTF8*$!
{
	archiveVersion = 1;
	classes = {
	};
	objectVersion = 56;
	objects = {

/* Begin PBXBuildFile section */
		E91F635C2A6EA85400764123 /* SwiftNetworkCallApp.swift in Sources */ = {isa = PBXBuildFile; fileRef = E91F635B2A6EA85400764123 /* SwiftNetworkCallApp.swift */; };
		E91F635E2A6EA85400764123 /* ContentView.swift in Sources */ = {isa = PBXBuildFile; fileRef = E91F635D2A6EA85400764123 /* ContentView.swift */; };
		E91F63602A6EA85500764123 /* Assets.xcassets in Resources */ = {isa = PBXBuildFile; fileRef = E91F635F2A6EA85500764123 /* Assets.xcassets */; };
		E91F63632A6EA85500764123 /* Preview Assets.xcassets in Resources */ = {isa = PBXBuildFile; fileRef = E91F63622A6EA85500764123 /* Preview Assets.xcassets */; };
		E91F636D2A6EA85500764123 /* SwiftNetworkCallTests.swift in Sources */ = {isa = PBXBuildFile; fileRef = E91F636C2A6EA85500764123 /* SwiftNetworkCallTests.swift */; };
		E91F63772A6EA85500764123 /* SwiftNetworkCallUITests.swift in Sources */ = {isa = PBXBuildFile; fileRef = E91F63762A6EA85500764123 /* SwiftNetworkCallUITests.swift */; };
		E91F63792A6EA85500764123 /* SwiftNetworkCallUITestsLaunchTests.swift in Sources */ = {isa = PBXBuildFile; fileRef = E91F63782A6EA85500764123 /* SwiftNetworkCallUITestsLaunchTests.swift */; };
/* End PBXBuildFile section */

/* Begin PBXContainerItemProxy section */
		E91F63692A6EA85500764123 /* PBXContainerItemProxy */ = {
			isa = PBXContainerItemProxy;
			containerPortal = E91F63502A6EA85400764123 /* Project object */;
			proxyType = 1;
			remoteGlobalIDString = E91F63572A6EA85400764123;
			remoteInfo = SwiftNetworkCall;
		};
		E91F63732A6EA85500764123 /* PBXContainerItemProxy */ = {
			isa = PBXContainerItemProxy;
			containerPortal = E91F63502A6EA85400764123 /* Project object */;
			proxyType = 1;
			remoteGlobalIDString = E91F63572A6EA85400764123;
			remoteInfo = SwiftNetworkCall;
		};
/* End PBXContainerItemProxy section */

/* Begin PBXFileReference section */
		E91F63582A6EA85400764123 /* SwiftNetworkCall.app */ = {isa = PBXFileReference; explicitFileType = wrapper.application; includeInIndex = 0; path = SwiftNetworkCall.app; sourceTree = BUILT_PRODUCTS_DIR; };
		E91F635B2A6EA85400764123 /* SwiftNetworkCallApp.swift */ = {isa = PBXFileReference; lastKnownFileType = sourcecode.swift; path = SwiftNetworkCallApp.swift; sourceTree = "<group>"; };
		E91F635D2A6EA85400764123 /* ContentView.swift */ = {isa = PBXFileReference; lastKnownFileType = sourcecode.swift; path = ContentView.swift; sourceTree = "<group>"; };
		E91F635F2A6EA85500764123 /* Assets.xcassets */ = {isa = PBXFileReference; lastKnownFileType = folder.assetcatalog; path = Assets.xcassets; sourceTree = "<group>"; };
		E91F63622A6EA85500764123 /* Preview Assets.xcassets */ = {isa = PBXFileReference; lastKnownFileType = folder.assetcatalog; path = "Preview Assets.xcassets"; sourceTree = "<group>"; };
		E91F63682A6EA85500764123 /* SwiftNetworkCallTests.xctest */ = {isa = PBXFileReference; explicitFileType = wrapper.cfbundle; includeInIndex = 0; path = SwiftNetworkCallTests.xctest; sourceTree = BUILT_PRODUCTS_DIR; };
		E91F636C2A6EA85500764123 /* SwiftNetworkCallTests.swift */ = {isa = PBXFileReference; lastKnownFileType = sourcecode.swift; path = SwiftNetworkCallTests.swift; sourceTree = "<group>"; };
		E91F63722A6EA85500764123 /* SwiftNetworkCallUITests.xctest */ = {isa = PBXFileReference; explicitFileType = wrapper.cfbundle; includeInIndex = 0; path = SwiftNetworkCallUITests.xctest; sourceTree = BUILT_PRODUCTS_DIR; };
		E91F63762A6EA85500764123 /* SwiftNetworkCallUITests.swift */ = {isa = PBXFileReference; lastKnownFileType = sourcecode.swift; path = SwiftNetworkCallUITests.swift; sourceTree = "<group>"; };
		E91F63782A6EA85500764123 /* SwiftNetworkCallUITestsLaunchTests.swift */ = {isa = PBXFileReference; lastKnownFileType = sourcecode.swift; path = SwiftNetworkCallUITestsLaunchTests.swift; sourceTree = "<group>"; };
/* End PBXFileReference section */

/* Begin PBXFrameworksBuildPhase section */
		E91F63552A6EA85400764123 /* Frameworks */ = {
			isa = PBXFrameworksBuildPhase;
			buildActionMask = 2147483647;
			files = (
			);
			runOnlyForDeploymentPostprocessing = 0;
		};
		E91F63652A6EA85500764123 /* Frameworks */ = {
			isa = PBXFrameworksBuildPhase;
			buildActionMask = 2147483647;
			files = (
			);
			runOnlyForDeploymentPostprocessing = 0;
		};
		E91F636F2A6EA85500764123 /* Frameworks */ = {
			isa = PBXFrameworksBuildPhase;
			buildActionMask = 2147483647;
			files = (
			);
			runOnlyForDeploymentPostprocessing = 0;
		};
/* End PBXFrameworksBuildPhase section */

/* Begin PBXGroup section */
		E91F634F2A6EA85400764123 = {
			isa = PBXGroup;
			children = (
				E91F635A2A6EA85400764123 /* SwiftNetworkCall */,
				E91F636B2A6EA85500764123 /* SwiftNetworkCallTests */,
				E91F63752A6EA85500764123 /* SwiftNetworkCallUITests */,
				E91F63592A6EA85400764123 /* Products */,
			);
			sourceTree = "<group>";
		};
		E91F63592A6EA85400764123 /* Products */ = {
			isa = PBXGroup;
			children = (
				E91F63582A6EA85400764123 /* SwiftNetworkCall.app */,
				E91F63682A6EA85500764123 /* SwiftNetworkCallTests.xctest */,
				E91F63722A6EA85500764123 /* SwiftNetworkCallUITests.xctest */,
			);
			name = Products;
			sourceTree = "<group>";
		};
		E91F635A2A6EA85400764123 /* SwiftNetworkCall */ = {
			isa = PBXGroup;
			children = (
				E91F635B2A6EA85400764123 /* SwiftNetworkCallApp.swift */,
				E91F635D2A6EA85400764123 /* ContentView.swift */,
				E91F635F2A6EA85500764123 /* Assets.xcassets */,
				E91F63612A6EA85500764123 /* Preview Content */,
			);
			path = SwiftNetworkCall;
			sourceTree = "<group>";
		};
		E91F63612A6EA85500764123 /* Preview Content */ = {
			isa = PBXGroup;
			children = (
				E91F63622A6EA85500764123 /* Preview Assets.xcassets */,
			);
			path = "Preview Content";
			sourceTree = "<group>";
		};
		E91F636B2A6EA85500764123 /* SwiftNetworkCallTests */ = {
			isa = PBXGroup;
			children = (
				E91F636C2A6EA85500764123 /* SwiftNetworkCallTests.swift */,
			);
			path = SwiftNetworkCallTests;
			sourceTree = "<group>";
		};
		E91F63752A6EA85500764123 /* SwiftNetworkCallUITests */ = {
			isa = PBXGroup;
			children = (
				E91F63762A6EA85500764123 /* SwiftNetworkCallUITests.swift */,
				E91F63782A6EA85500764123 /* SwiftNetworkCallUITestsLaunchTests.swift */,
			);
			path = SwiftNetworkCallUITests;
			sourceTree = "<group>";
		};
/* End PBXGroup section */

/* Begin PBXNativeTarget section */
		E91F63572A6EA85400764123 /* SwiftNetworkCall */ = {
			isa = PBXNativeTarget;
			buildConfigurationList = E91F637C2A6EA85500764123 /* Build configuration list for PBXNativeTarget "SwiftNetworkCall" */;
			buildPhases = (
				E91F63542A6EA85400764123 /* Sources */,
				E91F63552A6EA85400764123 /* Frameworks */,
				E91F63562A6EA85400764123 /* Resources */,
			);
			buildRules = (
			);
			dependencies = (
			);
			name = SwiftNetworkCall;
			productName = SwiftNetworkCall;
			productReference = E91F63582A6EA85400764123 /* SwiftNetworkCall.app */;
			productType = "com.apple.product-type.application";
		};
		E91F63672A6EA85500764123 /* SwiftNetworkCallTests */ = {
			isa = PBXNativeTarget;
			buildConfigurationList = E91F637F2A6EA85500764123 /* Build configuration list for PBXNativeTarget "SwiftNetworkCallTests" */;
			buildPhases = (
				E91F63642A6EA85500764123 /* Sources */,
				E91F63652A6EA85500764123 /* Frameworks */,
				E91F63662A6EA85500764123 /* Resources */,
			);
			buildRules = (
			);
			dependencies = (
				E91F636A2A6EA85500764123 /* PBXTargetDependency */,
			);
			name = SwiftNetworkCallTests;
			productName = SwiftNetworkCallTests;
			productReference = E91F63682A6EA85500764123 /* SwiftNetworkCallTests.xctest */;
			productType = "com.apple.product-type.bundle.unit-test";
		};
		E91F63712A6EA85500764123 /* SwiftNetworkCallUITests */ = {
			isa = PBXNativeTarget;
			buildConfigurationList = E91F63822A6EA85500764123 /* Build configuration list for PBXNativeTarget "SwiftNetworkCallUITests" */;
			buildPhases = (
				E91F636E2A6EA85500764123 /* Sources */,
				E91F636F2A6EA85500764123 /* Frameworks */,
				E91F63702A6EA85500764123 /* Resources */,
			);
			buildRules = (
			);
			dependencies = (
				E91F63742A6EA85500764123 /* PBXTargetDependency */,
			);
			name = SwiftNetworkCallUITests;
			productName = SwiftNetworkCallUITests;
			productReference = E91F63722A6EA85500764123 /* SwiftNetworkCallUITests.xctest */;
			productType = "com.apple.product-type.bundle.ui-testing";
		};
/* End PBXNativeTarget section */

/* Begin PBXProject section */
		E91F63502A6EA85400764123 /* Project object */ = {
			isa = PBXProject;
			attributes = {
				BuildIndependentTargetsInParallel = 1;
				LastSwiftUpdateCheck = 1420;
				LastUpgradeCheck = 1420;
				TargetAttributes = {
					E91F63572A6EA85400764123 = {
						CreatedOnToolsVersion = 14.2;
					};
					E91F63672A6EA85500764123 = {
						CreatedOnToolsVersion = 14.2;
						TestTargetID = E91F63572A6EA85400764123;
					};
					E91F63712A6EA85500764123 = {
						CreatedOnToolsVersion = 14.2;
						TestTargetID = E91F63572A6EA85400764123;
					};
				};
			};
			buildConfigurationList = E91F63532A6EA85400764123 /* Build configuration list for PBXProject "SwiftNetworkCall" */;
			compatibilityVersion = "Xcode 14.0";
			developmentRegion = en;
			hasScannedForEncodings = 0;
			knownRegions = (
				en,
				Base,
			);
			mainGroup = E91F634F2A6EA85400764123;
			productRefGroup = E91F63592A6EA85400764123 /* Products */;
			projectDirPath = "";
			projectRoot = "";
			targets = (
				E91F63572A6EA85400764123 /* SwiftNetworkCall */,
				E91F63672A6EA85500764123 /* SwiftNetworkCallTests */,
				E91F63712A6EA85500764123 /* SwiftNetworkCallUITests */,
			);
		};
/* End PBXProject section */

/* Begin PBXResourcesBuildPhase section */
		E91F63562A6EA85400764123 /* Resources */ = {
			isa = PBXResourcesBuildPhase;
			buildActionMask = 2147483647;
			files = (
				E91F63632A6EA85500764123 /* Preview Assets.xcassets in Resources */,
				E91F63602A6EA85500764123 /* Assets.xcassets in Resources */,
			);
			runOnlyForDeploymentPostprocessing = 0;
		};
		E91F63662A6EA85500764123 /* Resources */ = {
			isa = PBXResourcesBuildPhase;
			buildActionMask = 2147483647;
			files = (
			);
			runOnlyForDeploymentPostprocessing = 0;
		};
		E91F63702A6EA85500764123 /* Resources */ = {
			isa = PBXResourcesBuildPhase;
			buildActionMask = 2147483647;
			files = (
			);
			runOnlyForDeploymentPostprocessing = 0;
		};
/* End PBXResourcesBuildPhase section */

/* Begin PBXSourcesBuildPhase section */
		E91F63542A6EA85400764123 /* Sources */ = {
			isa = PBXSourcesBuildPhase;
			buildActionMask = 2147483647;
			files = (
				E91F635E2A6EA85400764123 /* ContentView.swift in Sources */,
				E91F635C2A6EA85400764123 /* SwiftNetworkCallApp.swift in Sources */,
			);
			runOnlyForDeploymentPostprocessing = 0;
		};
		E91F63642A6EA85500764123 /* Sources */ = {
			isa = PBXSourcesBuildPhase;
			buildActionMask = 2147483647;
			files = (
				E91F636D2A6EA85500764123 /* SwiftNetworkCallTests.swift in Sources */,
			);
			runOnlyForDeploymentPostprocessing = 0;
		};
		E91F636E2A6EA85500764123 /* Sources */ = {
			isa = PBXSourcesBuildPhase;
			buildActionMask = 2147483647;
			files = (
				E91F63772A6EA85500764123 /* SwiftNetworkCallUITests.swift in Sources */,
				E91F63792A6EA85500764123 /* SwiftNetworkCallUITestsLaunchTests.swift in Sources */,
			);
			runOnlyForDeploymentPostprocessing = 0;
		};
/* End PBXSourcesBuildPhase section */

/* Begin PBXTargetDependency section */
		E91F636A2A6EA85500764123 /* PBXTargetDependency */ = {
			isa = PBXTargetDependency;
			target = E91F63572A6EA85400764123 /* SwiftNetworkCall */;
			targetProxy = E91F63692A6EA85500764123 /* PBXContainerItemProxy */;
		};
		E91F63742A6EA85500764123 /* PBXTargetDependency */ = {
			isa = PBXTargetDependency;
			target = E91F63572A6EA85400764123 /* SwiftNetworkCall */;
			targetProxy = E91F63732A6EA85500764123 /* PBXContainerItemProxy */;
		};
/* End PBXTargetDependency section */

/* Begin XCBuildConfiguration section */
		E91F637A2A6EA85500764123 /* Debug */ = {
			isa = XCBuildConfiguration;
			buildSettings = {
				ALWAYS_SEARCH_USER_PATHS = NO;
				CLANG_ANALYZER_NONNULL = YES;
				CLANG_ANALYZER_NUMBER_OBJECT_CONVERSION = YES_AGGRESSIVE;
				CLANG_CXX_LANGUAGE_STANDARD = "gnu++20";
				CLANG_ENABLE_MODULES = YES;
				CLANG_ENABLE_OBJC_ARC = YES;
				CLANG_ENABLE_OBJC_WEAK = YES;
				CLANG_WARN_BLOCK_CAPTURE_AUTORELEASING = YES;
				CLANG_WARN_BOOL_CONVERSION = YES;
				CLANG_WARN_COMMA = YES;
				CLANG_WARN_CONSTANT_CONVERSION = YES;
				CLANG_WARN_DEPRECATED_OBJC_IMPLEMENTATIONS = YES;
				CLANG_WARN_DIRECT_OBJC_ISA_USAGE = YES_ERROR;
				CLANG_WARN_DOCUMENTATION_COMMENTS = YES;
				CLANG_WARN_EMPTY_BODY = YES;
				CLANG_WARN_ENUM_CONVERSION = YES;
				CLANG_WARN_INFINITE_RECURSION = YES;
				CLANG_WARN_INT_CONVERSION = YES;
				CLANG_WARN_NON_LITERAL_NULL_CONVERSION = YES;
				CLANG_WARN_OBJC_IMPLICIT_RETAIN_SELF = YES;
				CLANG_WARN_OBJC_LITERAL_CONVERSION = YES;
				CLANG_WARN_OBJC_ROOT_CLASS = YES_ERROR;
				CLANG_WARN_QUOTED_INCLUDE_IN_FRAMEWORK_HEADER = YES;
				CLANG_WARN_RANGE_LOOP_ANALYSIS = YES;
				CLANG_WARN_STRICT_PROTOTYPES = YES;
				CLANG_WARN_SUSPICIOUS_MOVE = YES;
				CLANG_WARN_UNGUARDED_AVAILABILITY = YES_AGGRESSIVE;
				CLANG_WARN_UNREACHABLE_CODE = YES;
				CLANG_WARN__DUPLICATE_METHOD_MATCH = YES;
				COPY_PHASE_STRIP = NO;
				DEBUG_INFORMATION_FORMAT = dwarf;
				ENABLE_STRICT_OBJC_MSGSEND = YES;
				ENABLE_TESTABILITY = YES;
				GCC_C_LANGUAGE_STANDARD = gnu11;
				GCC_DYNAMIC_NO_PIC = NO;
				GCC_NO_COMMON_BLOCKS = YES;
				GCC_OPTIMIZATION_LEVEL = 0;
				GCC_PREPROCESSOR_DEFINITIONS = (
					"DEBUG=1",
					"$(inherited)",
				);
				GCC_WARN_64_TO_32_BIT_CONVERSION = YES;
				GCC_WARN_ABOUT_RETURN_TYPE = YES_ERROR;
				GCC_WARN_UNDECLARED_SELECTOR = YES;
				GCC_WARN_UNINITIALIZED_AUTOS = YES_AGGRESSIVE;
				GCC_WARN_UNUSED_FUNCTION = YES;
				GCC_WARN_UNUSED_VARIABLE = YES;
				IPHONEOS_DEPLOYMENT_TARGET = 16.2;
				MTL_ENABLE_DEBUG_INFO = INCLUDE_SOURCE;
				MTL_FAST_MATH = YES;
				ONLY_ACTIVE_ARCH = YES;
				SDKROOT = iphoneos;
				SWIFT_ACTIVE_COMPILATION_CONDITIONS = DEBUG;
				SWIFT_OPTIMIZATION_LEVEL = "-Onone";
			};
			name = Debug;
		};
		E91F637B2A6EA85500764123 /* Release */ = {
			isa = XCBuildConfiguration;
			buildSettings = {
				ALWAYS_SEARCH_USER_PATHS = NO;
				CLANG_ANALYZER_NONNULL = YES;
				CLANG_ANALYZER_NUMBER_OBJECT_CONVERSION = YES_AGGRESSIVE;
				CLANG_CXX_LANGUAGE_STANDARD = "gnu++20";
				CLANG_ENABLE_MODULES = YES;
				CLANG_ENABLE_OBJC_ARC = YES;
				CLANG_ENABLE_OBJC_WEAK = YES;
				CLANG_WARN_BLOCK_CAPTURE_AUTORELEASING = YES;
				CLANG_WARN_BOOL_CONVERSION = YES;
				CLANG_WARN_COMMA = YES;
				CLANG_WARN_CONSTANT_CONVERSION = YES;
				CLANG_WARN_DEPRECATED_OBJC_IMPLEMENTATIONS = YES;
				CLANG_WARN_DIRECT_OBJC_ISA_USAGE = YES_ERROR;
				CLANG_WARN_DOCUMENTATION_COMMENTS = YES;
				CLANG_WARN_EMPTY_BODY = YES;
				CLANG_WARN_ENUM_CONVERSION = YES;
				CLANG_WARN_INFINITE_RECURSION = YES;
				CLANG_WARN_INT_CONVERSION = YES;
				CLANG_WARN_NON_LITERAL_NULL_CONVERSION = YES;
				CLANG_WARN_OBJC_IMPLICIT_RETAIN_SELF = YES;
				CLANG_WARN_OBJC_LITERAL_CONVERSION = YES;
				CLANG_WARN_OBJC_ROOT_CLASS = YES_ERROR;
				CLANG_WARN_QUOTED_INCLUDE_IN_FRAMEWORK_HEADER = YES;
				CLANG_WARN_RANGE_LOOP_ANALYSIS = YES;
				CLANG_WARN_STRICT_PROTOTYPES = YES;
				CLANG_WARN_SUSPICIOUS_MOVE = YES;
				CLANG_WARN_UNGUARDED_AVAILABILITY = YES_AGGRESSIVE;
				CLANG_WARN_UNREACHABLE_CODE = YES;
				CLANG_WARN__DUPLICATE_METHOD_MATCH = YES;
				COPY_PHASE_STRIP = NO;
				DEBUG_INFORMATION_FORMAT = "dwarf-with-dsym";
				ENABLE_NS_ASSERTIONS = NO;
				ENABLE_STRICT_OBJC_MSGSEND = YES;
				GCC_C_LANGUAGE_STANDARD = gnu11;
				GCC_NO_COMMON_BLOCKS = YES;
				GCC_WARN_64_TO_32_BIT_CONVERSION = YES;
				GCC_WARN_ABOUT_RETURN_TYPE = YES_ERROR;
				GCC_WARN_UNDECLARED_SELECTOR = YES;
				GCC_WARN_UNINITIALIZED_AUTOS = YES_AGGRESSIVE;
				GCC_WARN_UNUSED_FUNCTION = YES;
				GCC_WARN_UNUSED_VARIABLE = YES;
				IPHONEOS_DEPLOYMENT_TARGET = 16.2;
				MTL_ENABLE_DEBUG_INFO = NO;
				MTL_FAST_MATH = YES;
				SDKROOT = iphoneos;
				SWIFT_COMPILATION_MODE = wholemodule;
				SWIFT_OPTIMIZATION_LEVEL = "-O";
				VALIDATE_PRODUCT = YES;
			};
			name = Release;
		};
		E91F637D2A6EA85500764123 /* Debug */ = {
			isa = XCBuildConfiguration;
			buildSettings = {
				ASSETCATALOG_COMPILER_APPICON_NAME = AppIcon;
				ASSETCATALOG_COMPILER_GLOBAL_ACCENT_COLOR_NAME = AccentColor;
				CODE_SIGN_STYLE = Automatic;
				CURRENT_PROJECT_VERSION = 1;
				DEVELOPMENT_ASSET_PATHS = "\"SwiftNetworkCall/Preview Content\"";
				ENABLE_PREVIEWS = YES;
				GENERATE_INFOPLIST_FILE = YES;
				INFOPLIST_KEY_UIApplicationSceneManifest_Generation = YES;
				INFOPLIST_KEY_UIApplicationSupportsIndirectInputEvents = YES;
				INFOPLIST_KEY_UILaunchScreen_Generation = YES;
				INFOPLIST_KEY_UISupportedInterfaceOrientations_iPad = "UIInterfaceOrientationPortrait UIInterfaceOrientationPortraitUpsideDown UIInterfaceOrientationLandscapeLeft UIInterfaceOrientationLandscapeRight";
				INFOPLIST_KEY_UISupportedInterfaceOrientations_iPhone = "UIInterfaceOrientationPortrait UIInterfaceOrientationLandscapeLeft UIInterfaceOrientationLandscapeRight";
				LD_RUNPATH_SEARCH_PATHS = (
					"$(inherited)",
					"@executable_path/Frameworks",
				);
				MARKETING_VERSION = 1.0;
				PRODUCT_BUNDLE_IDENTIFIER = com.SwiftNetworkCall;
				PRODUCT_NAME = "$(TARGET_NAME)";
				SWIFT_EMIT_LOC_STRINGS = YES;
				SWIFT_VERSION = 5.0;
				TARGETED_DEVICE_FAMILY = "1,2";
			};
			name = Debug;
		};
		E91F637E2A6EA85500764123 /* Release */ = {
			isa = XCBuildConfiguration;
			buildSettings = {
				ASSETCATALOG_COMPILER_APPICON_NAME = AppIcon;
				ASSETCATALOG_COMPILER_GLOBAL_ACCENT_COLOR_NAME = AccentColor;
				CODE_SIGN_STYLE = Automatic;
				CURRENT_PROJECT_VERSION = 1;
				DEVELOPMENT_ASSET_PATHS = "\"SwiftNetworkCall/Preview Content\"";
				ENABLE_PREVIEWS = YES;
				GENERATE_INFOPLIST_FILE = YES;
				INFOPLIST_KEY_UIApplicationSceneManifest_Generation = YES;
				INFOPLIST_KEY_UIApplicationSupportsIndirectInputEvents = YES;
				INFOPLIST_KEY_UILaunchScreen_Generation = YES;
				INFOPLIST_KEY_UISupportedInterfaceOrientations_iPad = "UIInterfaceOrientationPortrait UIInterfaceOrientationPortraitUpsideDown UIInterfaceOrientationLandscapeLeft UIInterfaceOrientationLandscapeRight";
				INFOPLIST_KEY_UISupportedInterfaceOrientations_iPhone = "UIInterfaceOrientationPortrait UIInterfaceOrientationLandscapeLeft UIInterfaceOrientationLandscapeRight";
				LD_RUNPATH_SEARCH_PATHS = (
					"$(inherited)",
					"@executable_path/Frameworks",
				);
				MARKETING_VERSION = 1.0;
				PRODUCT_BUNDLE_IDENTIFIER = com.SwiftNetworkCall;
				PRODUCT_NAME = "$(TARGET_NAME)";
				SWIFT_EMIT_LOC_STRINGS = YES;
				SWIFT_VERSION = 5.0;
				TARGETED_DEVICE_FAMILY = "1,2";
			};
			name = Release;
		};
		E91F63802A6EA85500764123 /* Debug */ = {
			isa = XCBuildConfiguration;
			buildSettings = {
				ALWAYS_EMBED_SWIFT_STANDARD_LIBRARIES = YES;
				BUNDLE_LOADER = "$(TEST_HOST)";
				CODE_SIGN_STYLE = Automatic;
				CURRENT_PROJECT_VERSION = 1;
				GENERATE_INFOPLIST_FILE = YES;
				IPHONEOS_DEPLOYMENT_TARGET = 16.2;
				MARKETING_VERSION = 1.0;
				PRODUCT_BUNDLE_IDENTIFIER = com.SwiftNetworkCallTests;
				PRODUCT_NAME = "$(TARGET_NAME)";
				SWIFT_EMIT_LOC_STRINGS = NO;
				SWIFT_VERSION = 5.0;
				TARGETED_DEVICE_FAMILY = "1,2";
				TEST_HOST = "$(BUILT_PRODUCTS_DIR)/SwiftNetworkCall.app/$(BUNDLE_EXECUTABLE_FOLDER_PATH)/SwiftNetworkCall";
			};
			name = Debug;
		};
		E91F63812A6EA85500764123 /* Release */ = {
			isa = XCBuildConfiguration;
			buildSettings = {
				ALWAYS_EMBED_SWIFT_STANDARD_LIBRARIES = YES;
				BUNDLE_LOADER = "$(TEST_HOST)";
				CODE_SIGN_STYLE = Automatic;
				CURRENT_PROJECT_VERSION = 1;
				GENERATE_INFOPLIST_FILE = YES;
				IPHONEOS_DEPLOYMENT_TARGET = 16.2;
				MARKETING_VERSION = 1.0;
				PRODUCT_BUNDLE_IDENTIFIER = com.SwiftNetworkCallTests;
				PRODUCT_NAME = "$(TARGET_NAME)";
				SWIFT_EMIT_LOC_STRINGS = NO;
				SWIFT_VERSION = 5.0;
				TARGETED_DEVICE_FAMILY = "1,2";
				TEST_HOST = "$(BUILT_PRODUCTS_DIR)/SwiftNetworkCall.app/$(BUNDLE_EXECUTABLE_FOLDER_PATH)/SwiftNetworkCall";
			};
			name = Release;
		};
		E91F63832A6EA85500764123 /* Debug */ = {
			isa = XCBuildConfiguration;
			buildSettings = {
				ALWAYS_EMBED_SWIFT_STANDARD_LIBRARIES = YES;
				CODE_SIGN_STYLE = Automatic;
				CURRENT_PROJECT_VERSION = 1;
				GENERATE_INFOPLIST_FILE = YES;
				MARKETING_VERSION = 1.0;
				PRODUCT_BUNDLE_IDENTIFIER = com.SwiftNetworkCallUITests;
				PRODUCT_NAME = "$(TARGET_NAME)";
				SWIFT_EMIT_LOC_STRINGS = NO;
				SWIFT_VERSION = 5.0;
				TARGETED_DEVICE_FAMILY = "1,2";
				TEST_TARGET_NAME = SwiftNetworkCall;
			};
			name = Debug;
		};
		E91F63842A6EA85500764123 /* Release */ = {
			isa = XCBuildConfiguration;
			buildSettings = {
				ALWAYS_EMBED_SWIFT_STANDARD_LIBRARIES = YES;
				CODE_SIGN_STYLE = Automatic;
				CURRENT_PROJECT_VERSION = 1;
				GENERATE_INFOPLIST_FILE = YES;
				MARKETING_VERSION = 1.0;
				PRODUCT_BUNDLE_IDENTIFIER = com.SwiftNetworkCallUITests;
				PRODUCT_NAME = "$(TARGET_NAME)";
				SWIFT_EMIT_LOC_STRINGS = NO;
				SWIFT_VERSION = 5.0;
				TARGETED_DEVICE_FAMILY = "1,2";
				TEST_TARGET_NAME = SwiftNetworkCall;
			};
			name = Release;
		};
/* End XCBuildConfiguration section */

/* Begin XCConfigurationList section */
		E91F63532A6EA85400764123 /* Build configuration list for PBXProject "SwiftNetworkCall" */ = {
			isa = XCConfigurationList;
			buildConfigurations = (
				E91F637A2A6EA85500764123 /* Debug */,
				E91F637B2A6EA85500764123 /* Release */,
			);
			defaultConfigurationIsVisible = 0;
			defaultConfigurationName = Release;
		};
		E91F637C2A6EA85500764123 /* Build configuration list for PBXNativeTarget "SwiftNetworkCall" */ = {
			isa = XCConfigurationList;
			buildConfigurations = (
				E91F637D2A6EA85500764123 /* Debug */,
				E91F637E2A6EA85500764123 /* Release */,
			);
			defaultConfigurationIsVisible = 0;
			defaultConfigurationName = Release;
		};
		E91F637F2A6EA85500764123 /* Build configuration list for PBXNativeTarget "SwiftNetworkCallTests" */ = {
			isa = XCConfigurationList;
			buildConfigurations = (
				E91F63802A6EA85500764123 /* Debug */,
				E91F63812A6EA85500764123 /* Release */,
			);
			defaultConfigurationIsVisible = 0;
			defaultConfigurationName = Release;
		};
		E91F63822A6EA85500764123 /* Build configuration list for PBXNativeTarget "SwiftNetworkCallUITests" */ = {
			isa = XCConfigurationList;
			buildConfigurations = (
				E91F63832A6EA85500764123 /* Debug */,
				E91F63842A6EA85500764123 /* Release */,
			);
			defaultConfigurationIsVisible = 0;
			defaultConfigurationName = Release;
		};
/* End XCConfigurationList section */
	};
	rootObject = E91F63502A6EA85400764123 /* Project object */;
}
